
Microsoft Visual Studio Solution File, Format Version 12.00
# Visual Studio Version 16
VisualStudioVersion = 16.0.29728.190
MinimumVisualStudioVersion = 10.0.40219.1
Project("{FAE04EC0-301F-11D3-BF4B-00C04F79EFBC}") = "Beleg", "Beleg\Beleg.csproj", "{0BD88AE7-2159-4621-A5A0-BF0BB6981035}"
EndProject
Global
	GlobalSection(SolutionConfigurationPlatforms) = preSolution
		Debug|Any CPU = Debug|Any CPU
		Release|Any CPU = Release|Any CPU
	EndGlobalSection
	GlobalSection(ProjectConfigurationPlatforms) = postSolution
		{0BD88AE7-2159-4621-A5A0-BF0BB6981035}.Debug|Any CPU.ActiveCfg = Debug|Any CPU
		{0BD88AE7-2159-4621-A5A0-BF0BB6981035}.Debug|Any CPU.Build.0 = Debug|Any CPU
		{0BD88AE7-2159-4621-A5A0-BF0BB6981035}.Release|Any CPU.ActiveCfg = Release|Any CPU
		{0BD88AE7-2159-4621-A5A0-BF0BB6981035}.Release|Any CPU.Build.0 = Release|Any CPU
	EndGlobalSection
	GlobalSection(SolutionProperties) = preSolution
		HideSolutionNode = FALSE
	EndGlobalSection
	GlobalSection(ExtensibilityGlobals) = postSolution
		SolutionGuid = {56DD25C4-7328-43DA-8D7C-6064C01713F9}
	EndGlobalSection
EndGlobal
